
Microsoft Visual Studio Solution File, Format Version 12.00
# Visual Studio Version 16
VisualStudioVersion = 16.0.30011.22
MinimumVisualStudioVersion = 10.0.40219.1
Project("{FAE04EC0-301F-11D3-BF4B-00C04F79EFBC}") = "Raunstrup_Webapplication", "Raunstrup_Webapplication\Raunstrup_Webapplication.csproj", "{5A941CA4-1E7A-4E4B-BE2E-14642B75D7D4}"
EndProject
Global
	GlobalSection(SolutionConfigurationPlatforms) = preSolution
		Debug|Any CPU = Debug|Any CPU
		Release|Any CPU = Release|Any CPU
	EndGlobalSection
	GlobalSection(ProjectConfigurationPlatforms) = postSolution
		{5A941CA4-1E7A-4E4B-BE2E-14642B75D7D4}.Debug|Any CPU.ActiveCfg = Debug|Any CPU
		{5A941CA4-1E7A-4E4B-BE2E-14642B75D7D4}.Debug|Any CPU.Build.0 = Debug|Any CPU
		{5A941CA4-1E7A-4E4B-BE2E-14642B75D7D4}.Release|Any CPU.ActiveCfg = Release|Any CPU
		{5A941CA4-1E7A-4E4B-BE2E-14642B75D7D4}.Release|Any CPU.Build.0 = Release|Any CPU
	EndGlobalSection
	GlobalSection(SolutionProperties) = preSolution
		HideSolutionNode = FALSE
	EndGlobalSection
	GlobalSection(ExtensibilityGlobals) = postSolution
		SolutionGuid = {1BFEC035-70F6-4A08-811F-67C4C7F3A830}
	EndGlobalSection
EndGlobal
